
Microsoft Visual Studio Solution File, Format Version 12.00
# Visual Studio Version 17
VisualStudioVersion = 17.4.33205.214
MinimumVisualStudioVersion = 10.0.40219.1
Project("{FAE04EC0-301F-11D3-BF4B-00C04F79EFBC}") = "HumanCrypto", "HumanCrypto\HumanCrypto.csproj", "{C80FA3A7-F300-432B-8517-DABAB238047C}"
EndProject
Global
	GlobalSection(SolutionConfigurationPlatforms) = preSolution
		Debug|Any CPU = Debug|Any CPU
		Release|Any CPU = Release|Any CPU
	EndGlobalSection
	GlobalSection(ProjectConfigurationPlatforms) = postSolution
		{C80FA3A7-F300-432B-8517-DABAB238047C}.Debug|Any CPU.ActiveCfg = Debug|Any CPU
		{C80FA3A7-F300-432B-8517-DABAB238047C}.Debug|Any CPU.Build.0 = Debug|Any CPU
		{C80FA3A7-F300-432B-8517-DABAB238047C}.Release|Any CPU.ActiveCfg = Release|Any CPU
		{C80FA3A7-F300-432B-8517-DABAB238047C}.Release|Any CPU.Build.0 = Release|Any CPU
	EndGlobalSection
	GlobalSection(SolutionProperties) = preSolution
		HideSolutionNode = FALSE
	EndGlobalSection
	GlobalSection(ExtensibilityGlobals) = postSolution
		SolutionGuid = {B87F9A62-EA56-4FE1-A6A1-5BBC73ECEFC2}
	EndGlobalSection
EndGlobal
